
Microsoft Visual Studio Solution File, Format Version 12.00
# Visual Studio 14
VisualStudioVersion = 14.0.25123.0
MinimumVisualStudioVersion = 10.0.40219.1
Project("{FAE04EC0-301F-11D3-BF4B-00C04F79EFBC}") = "TutorialService", "TutorialService\TutorialService\TutorialService.csproj", "{30771C9F-C191-42FA-A29A-5C1DCDDA27D5}"
EndProject
Project("{FAE04EC0-301F-11D3-BF4B-00C04F79EFBC}") = "TutorialService.Droid", "TutorialService\TutorialService.Droid\TutorialService.Droid.csproj", "{5E945B5F-7FCA-45D7-A0FC-C4CA044996F2}"
EndProject
Project("{FAE04EC0-301F-11D3-BF4B-00C04F79EFBC}") = "TutorialService.iOS", "TutorialService\TutorialService.iOS\TutorialService.iOS.csproj", "{E96FD64D-DFD5-4A24-818B-661A91A0CF9F}"
EndProject
Global
	GlobalSection(SolutionConfigurationPlatforms) = preSolution
		Ad-Hoc|Any CPU = Ad-Hoc|Any CPU
		Ad-Hoc|iPhone = Ad-Hoc|iPhone
		Ad-Hoc|iPhoneSimulator = Ad-Hoc|iPhoneSimulator
		AppStore|Any CPU = AppStore|Any CPU
		AppStore|iPhone = AppStore|iPhone
		AppStore|iPhoneSimulator = AppStore|iPhoneSimulator
		Debug|Any CPU = Debug|Any CPU
		Debug|iPhone = Debug|iPhone
		Debug|iPhoneSimulator = Debug|iPhoneSimulator
		Release|Any CPU = Release|Any CPU
		Release|iPhone = Release|iPhone
		Release|iPhoneSimulator = Release|iPhoneSimulator
	EndGlobalSection
	GlobalSection(ProjectConfigurationPlatforms) = postSolution
		{30771C9F-C191-42FA-A29A-5C1DCDDA27D5}.Ad-Hoc|Any CPU.ActiveCfg = Release|Any CPU
		{30771C9F-C191-42FA-A29A-5C1DCDDA27D5}.Ad-Hoc|Any CPU.Build.0 = Release|Any CPU
		{30771C9F-C191-42FA-A29A-5C1DCDDA27D5}.Ad-Hoc|iPhone.ActiveCfg = Release|Any CPU
		{30771C9F-C191-42FA-A29A-5C1DCDDA27D5}.Ad-Hoc|iPhone.Build.0 = Release|Any CPU
		{30771C9F-C191-42FA-A29A-5C1DCDDA27D5}.Ad-Hoc|iPhoneSimulator.ActiveCfg = Release|Any CPU
		{30771C9F-C191-42FA-A29A-5C1DCDDA27D5}.Ad-Hoc|iPhoneSimulator.Build.0 = Release|Any CPU
		{30771C9F-C191-42FA-A29A-5C1DCDDA27D5}.AppStore|Any CPU.ActiveCfg = Release|Any CPU
		{30771C9F-C191-42FA-A29A-5C1DCDDA27D5}.AppStore|Any CPU.Build.0 = Release|Any CPU
		{30771C9F-C191-42FA-A29A-5C1DCDDA27D5}.AppStore|iPhone.ActiveCfg = Release|Any CPU
		{30771C9F-C191-42FA-A29A-5C1DCDDA27D5}.AppStore|iPhone.Build.0 = Release|Any CPU
		{30771C9F-C191-42FA-A29A-5C1DCDDA27D5}.AppStore|iPhoneSimulator.ActiveCfg = Release|Any CPU
		{30771C9F-C191-42FA-A29A-5C1DCDDA27D5}.AppStore|iPhoneSimulator.Build.0 = Release|Any CPU
		{30771C9F-C191-42FA-A29A-5C1DCDDA27D5}.Debug|Any CPU.ActiveCfg = Debug|Any CPU
		{30771C9F-C191-42FA-A29A-5C1DCDDA27D5}.Debug|Any CPU.Build.0 = Debug|Any CPU
		{30771C9F-C191-42FA-A29A-5C1DCDDA27D5}.Debug|iPhone.ActiveCfg = Debug|Any CPU
		{30771C9F-C191-42FA-A29A-5C1DCDDA27D5}.Debug|iPhone.Build.0 = Debug|Any CPU
		{30771C9F-C191-42FA-A29A-5C1DCDDA27D5}.Debug|iPhoneSimulator.ActiveCfg = Debug|Any CPU
		{30771C9F-C191-42FA-A29A-5C1DCDDA27D5}.Debug|iPhoneSimulator.Build.0 = Debug|Any CPU
		{30771C9F-C191-42FA-A29A-5C1DCDDA27D5}.Release|Any CPU.ActiveCfg = Release|Any CPU
		{30771C9F-C191-42FA-A29A-5C1DCDDA27D5}.Release|Any CPU.Build.0 = Release|Any CPU
		{30771C9F-C191-42FA-A29A-5C1DCDDA27D5}.Release|iPhone.ActiveCfg = Release|Any CPU
		{30771C9F-C191-42FA-A29A-5C1DCDDA27D5}.Release|iPhone.Build.0 = Release|Any CPU
		{30771C9F-C191-42FA-A29A-5C1DCDDA27D5}.Release|iPhoneSimulator.ActiveCfg = Release|Any CPU
		{30771C9F-C191-42FA-A29A-5C1DCDDA27D5}.Release|iPhoneSimulator.Build.0 = Release|Any CPU
		{5E945B5F-7FCA-45D7-A0FC-C4CA044996F2}.Ad-Hoc|Any CPU.ActiveCfg = Release|Any CPU
		{5E945B5F-7FCA-45D7-A0FC-C4CA044996F2}.Ad-Hoc|Any CPU.Build.0 = Release|Any CPU
		{5E945B5F-7FCA-45D7-A0FC-C4CA044996F2}.Ad-Hoc|Any CPU.Deploy.0 = Release|Any CPU
		{5E945B5F-7FCA-45D7-A0FC-C4CA044996F2}.Ad-Hoc|iPhone.ActiveCfg = Release|Any CPU
		{5E945B5F-7FCA-45D7-A0FC-C4CA044996F2}.Ad-Hoc|iPhone.Build.0 = Release|Any CPU
		{5E945B5F-7FCA-45D7-A0FC-C4CA044996F2}.Ad-Hoc|iPhone.Deploy.0 = Release|Any CPU
		{5E945B5F-7FCA-45D7-A0FC-C4CA044996F2}.Ad-Hoc|iPhoneSimulator.ActiveCfg = Release|Any CPU
		{5E945B5F-7FCA-45D7-A0FC-C4CA044996F2}.Ad-Hoc|iPhoneSimulator.Build.0 = Release|Any CPU
		{5E945B5F-7FCA-45D7-A0FC-C4CA044996F2}.Ad-Hoc|iPhoneSimulator.Deploy.0 = Release|Any CPU
		{5E945B5F-7FCA-45D7-A0FC-C4CA044996F2}.AppStore|Any CPU.ActiveCfg = Release|Any CPU
		{5E945B5F-7FCA-45D7-A0FC-C4CA044996F2}.AppStore|Any CPU.Build.0 = Release|Any CPU
		{5E945B5F-7FCA-45D7-A0FC-C4CA044996F2}.AppStore|Any CPU.Deploy.0 = Release|Any CPU
		{5E945B5F-7FCA-45D7-A0FC-C4CA044996F2}.AppStore|iPhone.ActiveCfg = Release|Any CPU
		{5E945B5F-7FCA-45D7-A0FC-C4CA044996F2}.AppStore|iPhone.Build.0 = Release|Any CPU
		{5E945B5F-7FCA-45D7-A0FC-C4CA044996F2}.AppStore|iPhone.Deploy.0 = Release|Any CPU
		{5E945B5F-7FCA-45D7-A0FC-C4CA044996F2}.AppStore|iPhoneSimulator.ActiveCfg = Release|Any CPU
		{5E945B5F-7FCA-45D7-A0FC-C4CA044996F2}.AppStore|iPhoneSimulator.Build.0 = Release|Any CPU
		{5E945B5F-7FCA-45D7-A0FC-C4CA044996F2}.AppStore|iPhoneSimulator.Deploy.0 = Release|Any CPU
		{5E945B5F-7FCA-45D7-A0FC-C4CA044996F2}.Debug|Any CPU.ActiveCfg = Debug|Any CPU
		{5E945B5F-7FCA-45D7-A0FC-C4CA044996F2}.Debug|Any CPU.Build.0 = Debug|Any CPU
		{5E945B5F-7FCA-45D7-A0FC-C4CA044996F2}.Debug|Any CPU.Deploy.0 = Debug|Any CPU
		{5E945B5F-7FCA-45D7-A0FC-C4CA044996F2}.Debug|iPhone.ActiveCfg = Debug|Any CPU
		{5E945B5F-7FCA-45D7-A0FC-C4CA044996F2}.Debug|iPhone.Build.0 = Debug|Any CPU
		{5E945B5F-7FCA-45D7-A0FC-C4CA044996F2}.Debug|iPhone.Deploy.0 = Debug|Any CPU
		{5E945B5F-7FCA-45D7-A0FC-C4CA044996F2}.Debug|iPhoneSimulator.ActiveCfg = Debug|Any CPU
		{5E945B5F-7FCA-45D7-A0FC-C4CA044996F2}.Debug|iPhoneSimulator.Build.0 = Debug|Any CPU
		{5E945B5F-7FCA-45D7-A0FC-C4CA044996F2}.Debug|iPhoneSimulator.Deploy.0 = Debug|Any CPU
		{5E945B5F-7FCA-45D7-A0FC-C4CA044996F2}.Release|Any CPU.ActiveCfg = Release|Any CPU
		{5E945B5F-7FCA-45D7-A0FC-C4CA044996F2}.Release|Any CPU.Build.0 = Release|Any CPU
		{5E945B5F-7FCA-45D7-A0FC-C4CA044996F2}.Release|Any CPU.Deploy.0 = Release|Any CPU
		{5E945B5F-7FCA-45D7-A0FC-C4CA044996F2}.Release|iPhone.ActiveCfg = Release|Any CPU
		{5E945B5F-7FCA-45D7-A0FC-C4CA044996F2}.Release|iPhone.Build.0 = Release|Any CPU
		{5E945B5F-7FCA-45D7-A0FC-C4CA044996F2}.Release|iPhone.Deploy.0 = Release|Any CPU
		{5E945B5F-7FCA-45D7-A0FC-C4CA044996F2}.Release|iPhoneSimulator.ActiveCfg = Release|Any CPU
		{5E945B5F-7FCA-45D7-A0FC-C4CA044996F2}.Release|iPhoneSimulator.Build.0 = Release|Any CPU
		{5E945B5F-7FCA-45D7-A0FC-C4CA044996F2}.Release|iPhoneSimulator.Deploy.0 = Release|Any CPU
		{E96FD64D-DFD5-4A24-818B-661A91A0CF9F}.Ad-Hoc|Any CPU.ActiveCfg = Ad-Hoc|iPhone
		{E96FD64D-DFD5-4A24-818B-661A91A0CF9F}.Ad-Hoc|iPhone.ActiveCfg = Ad-Hoc|iPhone
		{E96FD64D-DFD5-4A24-818B-661A91A0CF9F}.Ad-Hoc|iPhone.Build.0 = Ad-Hoc|iPhone
		{E96FD64D-DFD5-4A24-818B-661A91A0CF9F}.Ad-Hoc|iPhoneSimulator.ActiveCfg = Ad-Hoc|iPhoneSimulator
		{E96FD64D-DFD5-4A24-818B-661A91A0CF9F}.Ad-Hoc|iPhoneSimulator.Build.0 = Ad-Hoc|iPhoneSimulator
		{E96FD64D-DFD5-4A24-818B-661A91A0CF9F}.AppStore|Any CPU.ActiveCfg = AppStore|iPhone
		{E96FD64D-DFD5-4A24-818B-661A91A0CF9F}.AppStore|iPhone.ActiveCfg = AppStore|iPhone
		{E96FD64D-DFD5-4A24-818B-661A91A0CF9F}.AppStore|iPhone.Build.0 = AppStore|iPhone
		{E96FD64D-DFD5-4A24-818B-661A91A0CF9F}.AppStore|iPhoneSimulator.ActiveCfg = AppStore|iPhoneSimulator
		{E96FD64D-DFD5-4A24-818B-661A91A0CF9F}.AppStore|iPhoneSimulator.Build.0 = AppStore|iPhoneSimulator
		{E96FD64D-DFD5-4A24-818B-661A91A0CF9F}.Debug|Any CPU.ActiveCfg = Debug|iPhone
		{E96FD64D-DFD5-4A24-818B-661A91A0CF9F}.Debug|iPhone.ActiveCfg = Debug|iPhone
		{E96FD64D-DFD5-4A24-818B-661A91A0CF9F}.Debug|iPhone.Build.0 = Debug|iPhone
		{E96FD64D-DFD5-4A24-818B-661A91A0CF9F}.Debug|iPhoneSimulator.ActiveCfg = Debug|iPhoneSimulator
		{E96FD64D-DFD5-4A24-818B-661A91A0CF9F}.Debug|iPhoneSimulator.Build.0 = Debug|iPhoneSimulator
		{E96FD64D-DFD5-4A24-818B-661A91A0CF9F}.Release|Any CPU.ActiveCfg = Release|iPhone
		{E96FD64D-DFD5-4A24-818B-661A91A0CF9F}.Release|iPhone.ActiveCfg = Release|iPhone
		{E96FD64D-DFD5-4A24-818B-661A91A0CF9F}.Release|iPhone.Build.0 = Release|iPhone
		{E96FD64D-DFD5-4A24-818B-661A91A0CF9F}.Release|iPhoneSimulator.ActiveCfg = Release|iPhoneSimulator
		{E96FD64D-DFD5-4A24-818B-661A91A0CF9F}.Release|iPhoneSimulator.Build.0 = Release|iPhoneSimulator
	EndGlobalSection
	GlobalSection(SolutionProperties) = preSolution
		HideSolutionNode = FALSE
	EndGlobalSection
EndGlobal
