
Microsoft Visual Studio Solution File, Format Version 12.00
# Visual Studio 14
VisualStudioVersion = 14.0.25123.0
MinimumVisualStudioVersion = 10.0.40219.1
Project("{FAE04EC0-301F-11D3-BF4B-00C04F79EFBC}") = "AppPreziCalc.Android", "AppPreziCalc\AppPreziCalc.Android\AppPreziCalc.Android.csproj", "{27856116-D2E8-47E8-A86E-38FE89FD6E77}"
EndProject
Project("{FAE04EC0-301F-11D3-BF4B-00C04F79EFBC}") = "AppPreziCalc", "AppPreziCalc\AppPreziCalc\AppPreziCalc.csproj", "{0D8EBA1F-2D54-42F6-9557-538276CF6F6F}"
EndProject
Project("{FAE04EC0-301F-11D3-BF4B-00C04F79EFBC}") = "AppPreziCalc.iOS", "AppPreziCalc\AppPreziCalc.iOS\AppPreziCalc.iOS.csproj", "{98934CD7-BB29-476C-AAE9-AE15FBA76128}"
EndProject
Global
	GlobalSection(SolutionConfigurationPlatforms) = preSolution
		Ad-Hoc|Any CPU = Ad-Hoc|Any CPU
		Ad-Hoc|iPhone = Ad-Hoc|iPhone
		Ad-Hoc|iPhoneSimulator = Ad-Hoc|iPhoneSimulator
		AppStore|Any CPU = AppStore|Any CPU
		AppStore|iPhone = AppStore|iPhone
		AppStore|iPhoneSimulator = AppStore|iPhoneSimulator
		Debug|Any CPU = Debug|Any CPU
		Debug|iPhone = Debug|iPhone
		Debug|iPhoneSimulator = Debug|iPhoneSimulator
		Release|Any CPU = Release|Any CPU
		Release|iPhone = Release|iPhone
		Release|iPhoneSimulator = Release|iPhoneSimulator
	EndGlobalSection
	GlobalSection(ProjectConfigurationPlatforms) = postSolution
		{27856116-D2E8-47E8-A86E-38FE89FD6E77}.Ad-Hoc|Any CPU.ActiveCfg = Release|Any CPU
		{27856116-D2E8-47E8-A86E-38FE89FD6E77}.Ad-Hoc|Any CPU.Build.0 = Release|Any CPU
		{27856116-D2E8-47E8-A86E-38FE89FD6E77}.Ad-Hoc|Any CPU.Deploy.0 = Release|Any CPU
		{27856116-D2E8-47E8-A86E-38FE89FD6E77}.Ad-Hoc|iPhone.ActiveCfg = Release|Any CPU
		{27856116-D2E8-47E8-A86E-38FE89FD6E77}.Ad-Hoc|iPhone.Build.0 = Release|Any CPU
		{27856116-D2E8-47E8-A86E-38FE89FD6E77}.Ad-Hoc|iPhone.Deploy.0 = Release|Any CPU
		{27856116-D2E8-47E8-A86E-38FE89FD6E77}.Ad-Hoc|iPhoneSimulator.ActiveCfg = Release|Any CPU
		{27856116-D2E8-47E8-A86E-38FE89FD6E77}.Ad-Hoc|iPhoneSimulator.Build.0 = Release|Any CPU
		{27856116-D2E8-47E8-A86E-38FE89FD6E77}.Ad-Hoc|iPhoneSimulator.Deploy.0 = Release|Any CPU
		{27856116-D2E8-47E8-A86E-38FE89FD6E77}.AppStore|Any CPU.ActiveCfg = Release|Any CPU
		{27856116-D2E8-47E8-A86E-38FE89FD6E77}.AppStore|Any CPU.Build.0 = Release|Any CPU
		{27856116-D2E8-47E8-A86E-38FE89FD6E77}.AppStore|Any CPU.Deploy.0 = Release|Any CPU
		{27856116-D2E8-47E8-A86E-38FE89FD6E77}.AppStore|iPhone.ActiveCfg = Release|Any CPU
		{27856116-D2E8-47E8-A86E-38FE89FD6E77}.AppStore|iPhone.Build.0 = Release|Any CPU
		{27856116-D2E8-47E8-A86E-38FE89FD6E77}.AppStore|iPhone.Deploy.0 = Release|Any CPU
		{27856116-D2E8-47E8-A86E-38FE89FD6E77}.AppStore|iPhoneSimulator.ActiveCfg = Release|Any CPU
		{27856116-D2E8-47E8-A86E-38FE89FD6E77}.AppStore|iPhoneSimulator.Build.0 = Release|Any CPU
		{27856116-D2E8-47E8-A86E-38FE89FD6E77}.AppStore|iPhoneSimulator.Deploy.0 = Release|Any CPU
		{27856116-D2E8-47E8-A86E-38FE89FD6E77}.Debug|Any CPU.ActiveCfg = Debug|Any CPU
		{27856116-D2E8-47E8-A86E-38FE89FD6E77}.Debug|Any CPU.Build.0 = Debug|Any CPU
		{27856116-D2E8-47E8-A86E-38FE89FD6E77}.Debug|Any CPU.Deploy.0 = Debug|Any CPU
		{27856116-D2E8-47E8-A86E-38FE89FD6E77}.Debug|iPhone.ActiveCfg = Debug|Any CPU
		{27856116-D2E8-47E8-A86E-38FE89FD6E77}.Debug|iPhone.Build.0 = Debug|Any CPU
		{27856116-D2E8-47E8-A86E-38FE89FD6E77}.Debug|iPhone.Deploy.0 = Debug|Any CPU
		{27856116-D2E8-47E8-A86E-38FE89FD6E77}.Debug|iPhoneSimulator.ActiveCfg = Debug|Any CPU
		{27856116-D2E8-47E8-A86E-38FE89FD6E77}.Debug|iPhoneSimulator.Build.0 = Debug|Any CPU
		{27856116-D2E8-47E8-A86E-38FE89FD6E77}.Debug|iPhoneSimulator.Deploy.0 = Debug|Any CPU
		{27856116-D2E8-47E8-A86E-38FE89FD6E77}.Release|Any CPU.ActiveCfg = Release|Any CPU
		{27856116-D2E8-47E8-A86E-38FE89FD6E77}.Release|Any CPU.Build.0 = Release|Any CPU
		{27856116-D2E8-47E8-A86E-38FE89FD6E77}.Release|Any CPU.Deploy.0 = Release|Any CPU
		{27856116-D2E8-47E8-A86E-38FE89FD6E77}.Release|iPhone.ActiveCfg = Release|Any CPU
		{27856116-D2E8-47E8-A86E-38FE89FD6E77}.Release|iPhone.Build.0 = Release|Any CPU
		{27856116-D2E8-47E8-A86E-38FE89FD6E77}.Release|iPhone.Deploy.0 = Release|Any CPU
		{27856116-D2E8-47E8-A86E-38FE89FD6E77}.Release|iPhoneSimulator.ActiveCfg = Release|Any CPU
		{27856116-D2E8-47E8-A86E-38FE89FD6E77}.Release|iPhoneSimulator.Build.0 = Release|Any CPU
		{27856116-D2E8-47E8-A86E-38FE89FD6E77}.Release|iPhoneSimulator.Deploy.0 = Release|Any CPU
		{0D8EBA1F-2D54-42F6-9557-538276CF6F6F}.Ad-Hoc|Any CPU.ActiveCfg = Release|Any CPU
		{0D8EBA1F-2D54-42F6-9557-538276CF6F6F}.Ad-Hoc|Any CPU.Build.0 = Release|Any CPU
		{0D8EBA1F-2D54-42F6-9557-538276CF6F6F}.Ad-Hoc|iPhone.ActiveCfg = Release|Any CPU
		{0D8EBA1F-2D54-42F6-9557-538276CF6F6F}.Ad-Hoc|iPhone.Build.0 = Release|Any CPU
		{0D8EBA1F-2D54-42F6-9557-538276CF6F6F}.Ad-Hoc|iPhoneSimulator.ActiveCfg = Release|Any CPU
		{0D8EBA1F-2D54-42F6-9557-538276CF6F6F}.Ad-Hoc|iPhoneSimulator.Build.0 = Release|Any CPU
		{0D8EBA1F-2D54-42F6-9557-538276CF6F6F}.AppStore|Any CPU.ActiveCfg = Release|Any CPU
		{0D8EBA1F-2D54-42F6-9557-538276CF6F6F}.AppStore|Any CPU.Build.0 = Release|Any CPU
		{0D8EBA1F-2D54-42F6-9557-538276CF6F6F}.AppStore|iPhone.ActiveCfg = Release|Any CPU
		{0D8EBA1F-2D54-42F6-9557-538276CF6F6F}.AppStore|iPhone.Build.0 = Release|Any CPU
		{0D8EBA1F-2D54-42F6-9557-538276CF6F6F}.AppStore|iPhoneSimulator.ActiveCfg = Release|Any CPU
		{0D8EBA1F-2D54-42F6-9557-538276CF6F6F}.AppStore|iPhoneSimulator.Build.0 = Release|Any CPU
		{0D8EBA1F-2D54-42F6-9557-538276CF6F6F}.Debug|Any CPU.ActiveCfg = Debug|Any CPU
		{0D8EBA1F-2D54-42F6-9557-538276CF6F6F}.Debug|Any CPU.Build.0 = Debug|Any CPU
		{0D8EBA1F-2D54-42F6-9557-538276CF6F6F}.Debug|iPhone.ActiveCfg = Debug|Any CPU
		{0D8EBA1F-2D54-42F6-9557-538276CF6F6F}.Debug|iPhone.Build.0 = Debug|Any CPU
		{0D8EBA1F-2D54-42F6-9557-538276CF6F6F}.Debug|iPhoneSimulator.ActiveCfg = Debug|Any CPU
		{0D8EBA1F-2D54-42F6-9557-538276CF6F6F}.Debug|iPhoneSimulator.Build.0 = Debug|Any CPU
		{0D8EBA1F-2D54-42F6-9557-538276CF6F6F}.Release|Any CPU.ActiveCfg = Release|Any CPU
		{0D8EBA1F-2D54-42F6-9557-538276CF6F6F}.Release|Any CPU.Build.0 = Release|Any CPU
		{0D8EBA1F-2D54-42F6-9557-538276CF6F6F}.Release|iPhone.ActiveCfg = Release|Any CPU
		{0D8EBA1F-2D54-42F6-9557-538276CF6F6F}.Release|iPhone.Build.0 = Release|Any CPU
		{0D8EBA1F-2D54-42F6-9557-538276CF6F6F}.Release|iPhoneSimulator.ActiveCfg = Release|Any CPU
		{0D8EBA1F-2D54-42F6-9557-538276CF6F6F}.Release|iPhoneSimulator.Build.0 = Release|Any CPU
		{98934CD7-BB29-476C-AAE9-AE15FBA76128}.Ad-Hoc|Any CPU.ActiveCfg = Ad-Hoc|iPhone
		{98934CD7-BB29-476C-AAE9-AE15FBA76128}.Ad-Hoc|iPhone.ActiveCfg = Ad-Hoc|iPhone
		{98934CD7-BB29-476C-AAE9-AE15FBA76128}.Ad-Hoc|iPhone.Build.0 = Ad-Hoc|iPhone
		{98934CD7-BB29-476C-AAE9-AE15FBA76128}.Ad-Hoc|iPhoneSimulator.ActiveCfg = Ad-Hoc|iPhoneSimulator
		{98934CD7-BB29-476C-AAE9-AE15FBA76128}.Ad-Hoc|iPhoneSimulator.Build.0 = Ad-Hoc|iPhoneSimulator
		{98934CD7-BB29-476C-AAE9-AE15FBA76128}.AppStore|Any CPU.ActiveCfg = AppStore|iPhone
		{98934CD7-BB29-476C-AAE9-AE15FBA76128}.AppStore|iPhone.ActiveCfg = AppStore|iPhone
		{98934CD7-BB29-476C-AAE9-AE15FBA76128}.AppStore|iPhone.Build.0 = AppStore|iPhone
		{98934CD7-BB29-476C-AAE9-AE15FBA76128}.AppStore|iPhoneSimulator.ActiveCfg = AppStore|iPhoneSimulator
		{98934CD7-BB29-476C-AAE9-AE15FBA76128}.AppStore|iPhoneSimulator.Build.0 = AppStore|iPhoneSimulator
		{98934CD7-BB29-476C-AAE9-AE15FBA76128}.Debug|Any CPU.ActiveCfg = Debug|iPhone
		{98934CD7-BB29-476C-AAE9-AE15FBA76128}.Debug|iPhone.ActiveCfg = Debug|iPhone
		{98934CD7-BB29-476C-AAE9-AE15FBA76128}.Debug|iPhone.Build.0 = Debug|iPhone
		{98934CD7-BB29-476C-AAE9-AE15FBA76128}.Debug|iPhoneSimulator.ActiveCfg = Debug|iPhoneSimulator
		{98934CD7-BB29-476C-AAE9-AE15FBA76128}.Debug|iPhoneSimulator.Build.0 = Debug|iPhoneSimulator
		{98934CD7-BB29-476C-AAE9-AE15FBA76128}.Release|Any CPU.ActiveCfg = Release|iPhone
		{98934CD7-BB29-476C-AAE9-AE15FBA76128}.Release|iPhone.ActiveCfg = Release|iPhone
		{98934CD7-BB29-476C-AAE9-AE15FBA76128}.Release|iPhone.Build.0 = Release|iPhone
		{98934CD7-BB29-476C-AAE9-AE15FBA76128}.Release|iPhoneSimulator.ActiveCfg = Release|iPhoneSimulator
		{98934CD7-BB29-476C-AAE9-AE15FBA76128}.Release|iPhoneSimulator.Build.0 = Release|iPhoneSimulator
	EndGlobalSection
	GlobalSection(SolutionProperties) = preSolution
		HideSolutionNode = FALSE
	EndGlobalSection
EndGlobal
