
Microsoft Visual Studio Solution File, Format Version 12.00
# Visual Studio 15
VisualStudioVersion = 15.0.26228.4
MinimumVisualStudioVersion = 10.0.40219.1
Project("{FAE04EC0-301F-11D3-BF4B-00C04F79EFBC}") = "SeeLocker.Android", "SeeLocker\SeeLocker.Android\SeeLocker.Android.csproj", "{492A3354-2242-4000-B7A0-21258FE3E99D}"
EndProject
Project("{FAE04EC0-301F-11D3-BF4B-00C04F79EFBC}") = "SeeLocker", "SeeLocker\SeeLocker\SeeLocker.csproj", "{C1DBDC63-D49D-40CA-AF73-3DC1E1AF62A7}"
EndProject
Project("{FAE04EC0-301F-11D3-BF4B-00C04F79EFBC}") = "SeeLocker.iOS", "SeeLocker\SeeLocker.iOS\SeeLocker.iOS.csproj", "{39D69D61-072C-431B-AA56-A48D5F7895D0}"
EndProject
Global
	GlobalSection(SolutionConfigurationPlatforms) = preSolution
		Ad-Hoc|Any CPU = Ad-Hoc|Any CPU
		Ad-Hoc|iPhone = Ad-Hoc|iPhone
		Ad-Hoc|iPhoneSimulator = Ad-Hoc|iPhoneSimulator
		AppStore|Any CPU = AppStore|Any CPU
		AppStore|iPhone = AppStore|iPhone
		AppStore|iPhoneSimulator = AppStore|iPhoneSimulator
		Debug|Any CPU = Debug|Any CPU
		Debug|iPhone = Debug|iPhone
		Debug|iPhoneSimulator = Debug|iPhoneSimulator
		Release|Any CPU = Release|Any CPU
		Release|iPhone = Release|iPhone
		Release|iPhoneSimulator = Release|iPhoneSimulator
	EndGlobalSection
	GlobalSection(ProjectConfigurationPlatforms) = postSolution
		{492A3354-2242-4000-B7A0-21258FE3E99D}.Ad-Hoc|Any CPU.ActiveCfg = Release|Any CPU
		{492A3354-2242-4000-B7A0-21258FE3E99D}.Ad-Hoc|Any CPU.Build.0 = Release|Any CPU
		{492A3354-2242-4000-B7A0-21258FE3E99D}.Ad-Hoc|Any CPU.Deploy.0 = Release|Any CPU
		{492A3354-2242-4000-B7A0-21258FE3E99D}.Ad-Hoc|iPhone.ActiveCfg = Release|Any CPU
		{492A3354-2242-4000-B7A0-21258FE3E99D}.Ad-Hoc|iPhone.Build.0 = Release|Any CPU
		{492A3354-2242-4000-B7A0-21258FE3E99D}.Ad-Hoc|iPhone.Deploy.0 = Release|Any CPU
		{492A3354-2242-4000-B7A0-21258FE3E99D}.Ad-Hoc|iPhoneSimulator.ActiveCfg = Release|Any CPU
		{492A3354-2242-4000-B7A0-21258FE3E99D}.Ad-Hoc|iPhoneSimulator.Build.0 = Release|Any CPU
		{492A3354-2242-4000-B7A0-21258FE3E99D}.Ad-Hoc|iPhoneSimulator.Deploy.0 = Release|Any CPU
		{492A3354-2242-4000-B7A0-21258FE3E99D}.AppStore|Any CPU.ActiveCfg = Release|Any CPU
		{492A3354-2242-4000-B7A0-21258FE3E99D}.AppStore|Any CPU.Build.0 = Release|Any CPU
		{492A3354-2242-4000-B7A0-21258FE3E99D}.AppStore|Any CPU.Deploy.0 = Release|Any CPU
		{492A3354-2242-4000-B7A0-21258FE3E99D}.AppStore|iPhone.ActiveCfg = Release|Any CPU
		{492A3354-2242-4000-B7A0-21258FE3E99D}.AppStore|iPhone.Build.0 = Release|Any CPU
		{492A3354-2242-4000-B7A0-21258FE3E99D}.AppStore|iPhone.Deploy.0 = Release|Any CPU
		{492A3354-2242-4000-B7A0-21258FE3E99D}.AppStore|iPhoneSimulator.ActiveCfg = Release|Any CPU
		{492A3354-2242-4000-B7A0-21258FE3E99D}.AppStore|iPhoneSimulator.Build.0 = Release|Any CPU
		{492A3354-2242-4000-B7A0-21258FE3E99D}.AppStore|iPhoneSimulator.Deploy.0 = Release|Any CPU
		{492A3354-2242-4000-B7A0-21258FE3E99D}.Debug|Any CPU.ActiveCfg = Debug|Any CPU
		{492A3354-2242-4000-B7A0-21258FE3E99D}.Debug|Any CPU.Build.0 = Debug|Any CPU
		{492A3354-2242-4000-B7A0-21258FE3E99D}.Debug|Any CPU.Deploy.0 = Debug|Any CPU
		{492A3354-2242-4000-B7A0-21258FE3E99D}.Debug|iPhone.ActiveCfg = Debug|Any CPU
		{492A3354-2242-4000-B7A0-21258FE3E99D}.Debug|iPhone.Build.0 = Debug|Any CPU
		{492A3354-2242-4000-B7A0-21258FE3E99D}.Debug|iPhone.Deploy.0 = Debug|Any CPU
		{492A3354-2242-4000-B7A0-21258FE3E99D}.Debug|iPhoneSimulator.ActiveCfg = Debug|Any CPU
		{492A3354-2242-4000-B7A0-21258FE3E99D}.Debug|iPhoneSimulator.Build.0 = Debug|Any CPU
		{492A3354-2242-4000-B7A0-21258FE3E99D}.Debug|iPhoneSimulator.Deploy.0 = Debug|Any CPU
		{492A3354-2242-4000-B7A0-21258FE3E99D}.Release|Any CPU.ActiveCfg = Release|Any CPU
		{492A3354-2242-4000-B7A0-21258FE3E99D}.Release|Any CPU.Build.0 = Release|Any CPU
		{492A3354-2242-4000-B7A0-21258FE3E99D}.Release|Any CPU.Deploy.0 = Release|Any CPU
		{492A3354-2242-4000-B7A0-21258FE3E99D}.Release|iPhone.ActiveCfg = Release|Any CPU
		{492A3354-2242-4000-B7A0-21258FE3E99D}.Release|iPhone.Build.0 = Release|Any CPU
		{492A3354-2242-4000-B7A0-21258FE3E99D}.Release|iPhone.Deploy.0 = Release|Any CPU
		{492A3354-2242-4000-B7A0-21258FE3E99D}.Release|iPhoneSimulator.ActiveCfg = Release|Any CPU
		{492A3354-2242-4000-B7A0-21258FE3E99D}.Release|iPhoneSimulator.Build.0 = Release|Any CPU
		{492A3354-2242-4000-B7A0-21258FE3E99D}.Release|iPhoneSimulator.Deploy.0 = Release|Any CPU
		{C1DBDC63-D49D-40CA-AF73-3DC1E1AF62A7}.Ad-Hoc|Any CPU.ActiveCfg = Release|Any CPU
		{C1DBDC63-D49D-40CA-AF73-3DC1E1AF62A7}.Ad-Hoc|Any CPU.Build.0 = Release|Any CPU
		{C1DBDC63-D49D-40CA-AF73-3DC1E1AF62A7}.Ad-Hoc|iPhone.ActiveCfg = Release|Any CPU
		{C1DBDC63-D49D-40CA-AF73-3DC1E1AF62A7}.Ad-Hoc|iPhone.Build.0 = Release|Any CPU
		{C1DBDC63-D49D-40CA-AF73-3DC1E1AF62A7}.Ad-Hoc|iPhoneSimulator.ActiveCfg = Release|Any CPU
		{C1DBDC63-D49D-40CA-AF73-3DC1E1AF62A7}.Ad-Hoc|iPhoneSimulator.Build.0 = Release|Any CPU
		{C1DBDC63-D49D-40CA-AF73-3DC1E1AF62A7}.AppStore|Any CPU.ActiveCfg = Release|Any CPU
		{C1DBDC63-D49D-40CA-AF73-3DC1E1AF62A7}.AppStore|Any CPU.Build.0 = Release|Any CPU
		{C1DBDC63-D49D-40CA-AF73-3DC1E1AF62A7}.AppStore|iPhone.ActiveCfg = Release|Any CPU
		{C1DBDC63-D49D-40CA-AF73-3DC1E1AF62A7}.AppStore|iPhone.Build.0 = Release|Any CPU
		{C1DBDC63-D49D-40CA-AF73-3DC1E1AF62A7}.AppStore|iPhoneSimulator.ActiveCfg = Release|Any CPU
		{C1DBDC63-D49D-40CA-AF73-3DC1E1AF62A7}.AppStore|iPhoneSimulator.Build.0 = Release|Any CPU
		{C1DBDC63-D49D-40CA-AF73-3DC1E1AF62A7}.Debug|Any CPU.ActiveCfg = Debug|Any CPU
		{C1DBDC63-D49D-40CA-AF73-3DC1E1AF62A7}.Debug|Any CPU.Build.0 = Debug|Any CPU
		{C1DBDC63-D49D-40CA-AF73-3DC1E1AF62A7}.Debug|iPhone.ActiveCfg = Debug|Any CPU
		{C1DBDC63-D49D-40CA-AF73-3DC1E1AF62A7}.Debug|iPhone.Build.0 = Debug|Any CPU
		{C1DBDC63-D49D-40CA-AF73-3DC1E1AF62A7}.Debug|iPhoneSimulator.ActiveCfg = Debug|Any CPU
		{C1DBDC63-D49D-40CA-AF73-3DC1E1AF62A7}.Debug|iPhoneSimulator.Build.0 = Debug|Any CPU
		{C1DBDC63-D49D-40CA-AF73-3DC1E1AF62A7}.Release|Any CPU.ActiveCfg = Release|Any CPU
		{C1DBDC63-D49D-40CA-AF73-3DC1E1AF62A7}.Release|Any CPU.Build.0 = Release|Any CPU
		{C1DBDC63-D49D-40CA-AF73-3DC1E1AF62A7}.Release|iPhone.ActiveCfg = Release|Any CPU
		{C1DBDC63-D49D-40CA-AF73-3DC1E1AF62A7}.Release|iPhone.Build.0 = Release|Any CPU
		{C1DBDC63-D49D-40CA-AF73-3DC1E1AF62A7}.Release|iPhoneSimulator.ActiveCfg = Release|Any CPU
		{C1DBDC63-D49D-40CA-AF73-3DC1E1AF62A7}.Release|iPhoneSimulator.Build.0 = Release|Any CPU
		{39D69D61-072C-431B-AA56-A48D5F7895D0}.Ad-Hoc|Any CPU.ActiveCfg = Ad-Hoc|iPhone
		{39D69D61-072C-431B-AA56-A48D5F7895D0}.Ad-Hoc|iPhone.ActiveCfg = Ad-Hoc|iPhone
		{39D69D61-072C-431B-AA56-A48D5F7895D0}.Ad-Hoc|iPhone.Build.0 = Ad-Hoc|iPhone
		{39D69D61-072C-431B-AA56-A48D5F7895D0}.Ad-Hoc|iPhoneSimulator.ActiveCfg = Ad-Hoc|iPhoneSimulator
		{39D69D61-072C-431B-AA56-A48D5F7895D0}.Ad-Hoc|iPhoneSimulator.Build.0 = Ad-Hoc|iPhoneSimulator
		{39D69D61-072C-431B-AA56-A48D5F7895D0}.AppStore|Any CPU.ActiveCfg = AppStore|iPhone
		{39D69D61-072C-431B-AA56-A48D5F7895D0}.AppStore|iPhone.ActiveCfg = AppStore|iPhone
		{39D69D61-072C-431B-AA56-A48D5F7895D0}.AppStore|iPhone.Build.0 = AppStore|iPhone
		{39D69D61-072C-431B-AA56-A48D5F7895D0}.AppStore|iPhoneSimulator.ActiveCfg = AppStore|iPhoneSimulator
		{39D69D61-072C-431B-AA56-A48D5F7895D0}.AppStore|iPhoneSimulator.Build.0 = AppStore|iPhoneSimulator
		{39D69D61-072C-431B-AA56-A48D5F7895D0}.Debug|Any CPU.ActiveCfg = Debug|iPhone
		{39D69D61-072C-431B-AA56-A48D5F7895D0}.Debug|iPhone.ActiveCfg = Debug|iPhone
		{39D69D61-072C-431B-AA56-A48D5F7895D0}.Debug|iPhone.Build.0 = Debug|iPhone
		{39D69D61-072C-431B-AA56-A48D5F7895D0}.Debug|iPhoneSimulator.ActiveCfg = Debug|iPhoneSimulator
		{39D69D61-072C-431B-AA56-A48D5F7895D0}.Debug|iPhoneSimulator.Build.0 = Debug|iPhoneSimulator
		{39D69D61-072C-431B-AA56-A48D5F7895D0}.Release|Any CPU.ActiveCfg = Release|iPhone
		{39D69D61-072C-431B-AA56-A48D5F7895D0}.Release|iPhone.ActiveCfg = Release|iPhone
		{39D69D61-072C-431B-AA56-A48D5F7895D0}.Release|iPhone.Build.0 = Release|iPhone
		{39D69D61-072C-431B-AA56-A48D5F7895D0}.Release|iPhoneSimulator.ActiveCfg = Release|iPhoneSimulator
		{39D69D61-072C-431B-AA56-A48D5F7895D0}.Release|iPhoneSimulator.Build.0 = Release|iPhoneSimulator
	EndGlobalSection
	GlobalSection(SolutionProperties) = preSolution
		HideSolutionNode = FALSE
	EndGlobalSection
EndGlobal
